{
  "requires": true,
  "lockfileVersion": 1,
  "dependencies": {
    "svelte-notifications": {
      "version": "0.9.9",
      "resolved": "https://registry.npmjs.org/svelte-notifications/-/svelte-notifications-0.9.9.tgz",
      "integrity": "sha512-UMcjqzuNeUGHd3ZzSzRFXn22Z06VlPrTS8CJwFkkE+qKWn2tVRgsG4b62zZBcR/7SMcufT/Ouxpv/gbA8LaQcQ=="
    }
  }
}
